<?xml version="1.0" encoding="utf-8"?>
<Project ToolsVersion="4.0" xmlns:atg="http://atg.xbox.com" xmlns="http://schemas.microsoft.com/developer/msbuild/2003">
  <ItemGroup>
    <Filter Include="Resource Files">
      <UniqueIdentifier>{8e114980-c1a3-4ada-ad7c-83caadf5daeb}</UniqueIdentifier>
      <Extensions>rc;ico;cur;bmp;dlg;rc2;rct;bin;rgs;gif;jpg;jpeg;jpe</Extensions>
    </Filter>
    <Filter Include="Shaders">
      <UniqueIdentifier>{2c3d4c8c-5d1a-459a-a05a-a4e4b608a44e}</UniqueIdentifier>
      <Extensions>fx;fxh;hlsl</Extensions>
    </Filter>
  </ItemGroup>
  <ItemGroup>
    <ClInclude Include="Application.h" />
    <ClInclude Include="Structures.h" />
    <ClInclude Include="Camera.h" />
    <ClInclude Include="GameObject.h" />
    <ClInclude Include="DDSTextureLoader.h" />
    <ClInclude Include="OBJLoader.h" />
    <ClInclude Include="BillBoard.h" />
    <ClInclude Include="Game.h" />
    <ClInclude Include="ContentLoader.h" />
    <ClInclude Include="SkyBox.h" />
    <ClInclude Include="Car.h" />
    <ClInclude Include="OrthoCamera.h" />
    <ClInclude Include="MiniMap.h" />
  </ItemGroup>
  <ItemGroup>
    <ClCompile Include="Application.cpp" />
    <ClCompile Include="DX11 Framework.cpp" />
    <ClCompile Include="Camera.cpp" />
    <ClCompile Include="GameObject.cpp" />
    <ClCompile Include="DDSTextureLoader.cpp" />
    <ClCompile Include="OBJLoader.cpp" />
    <ClCompile Include="BillBoard.cpp" />
    <ClCompile Include="Game.cpp" />
    <ClCompile Include="ContentLoader.cpp" />
    <ClCompile Include="SkyBox.cpp" />
    <ClCompile Include="Car.cpp" />
    <ClCompile Include="OrthoCamera.cpp" />
    <ClCompile Include="MiniMap.cpp" />
  </ItemGroup>
  <ItemGroup>
    <CLInclude Include="resource.h">
      <Filter>Resource Files</Filter>
    </CLInclude>
  </ItemGroup>
  <ItemGroup>
    <None Include="DX11 Framework.fx">
      <Filter>Shaders</Filter>
    </None>
    <None Include="ClassDiagram.cd" />
    <None Include="ClassDiagram1.cd" />
  </ItemGroup>
  <ItemGroup>
    <ResourceCompile Include="DX11 Framework.rc">
      <Filter>Resource Files</Filter>
    </ResourceCompile>
  </ItemGroup>
  <ItemGroup>
    <FxCompile Include="Lighting.fx">
      <Filter>Shaders</Filter>
    </FxCompile>
  </ItemGroup>
</Project>